
Microsoft Visual Studio Solution File, Format Version 12.00
# Visual Studio Version 17
VisualStudioVersion = 17.6.33815.320
MinimumVisualStudioVersion = 10.0.40219.1
Project("{9A19103F-16F7-4668-BE54-9A1E7A4F7556}") = "RabbitMQ.Sender", "RabbitMQ.Sender\RabbitMQ.Sender.csproj", "{6E0D69F1-4F1C-426E-A35A-E03B9AB550B6}"
EndProject
Project("{9A19103F-16F7-4668-BE54-9A1E7A4F7556}") = "RabbitMQ.Receiver1", "RabbitMQ.Receiver1\RabbitMQ.Receiver1.csproj", "{A2BE7051-676F-4665-9085-B0BDAB8F905B}"
EndProject
Project("{9A19103F-16F7-4668-BE54-9A1E7A4F7556}") = "RabbitMQ.Receiver2", "RabbitMQ.Receiver2\RabbitMQ.Receiver2.csproj", "{2A5CB74F-BF9E-4D20-A6DF-A1843FC9EC0F}"
EndProject
Project("{FAE04EC0-301F-11D3-BF4B-00C04F79EFBC}") = "RabbitMQ.Model", "RabbitMQ.Model\RabbitMQ.Model.csproj", "{5243CB67-0FDE-4098-87E5-27080BCCC84F}"
EndProject
Project("{FAE04EC0-301F-11D3-BF4B-00C04F79EFBC}") = "RabbitMQ.EFContext", "RabbitMQ.EFContext\RabbitMQ.EFContext.csproj", "{0F3BB5BD-71D4-46D1-81C7-598782BFE4D0}"
EndProject
Global
	GlobalSection(SolutionConfigurationPlatforms) = preSolution
		Debug|Any CPU = Debug|Any CPU
		Release|Any CPU = Release|Any CPU
	EndGlobalSection
	GlobalSection(ProjectConfigurationPlatforms) = postSolution
		{6E0D69F1-4F1C-426E-A35A-E03B9AB550B6}.Debug|Any CPU.ActiveCfg = Debug|Any CPU
		{6E0D69F1-4F1C-426E-A35A-E03B9AB550B6}.Debug|Any CPU.Build.0 = Debug|Any CPU
		{6E0D69F1-4F1C-426E-A35A-E03B9AB550B6}.Release|Any CPU.ActiveCfg = Release|Any CPU
		{6E0D69F1-4F1C-426E-A35A-E03B9AB550B6}.Release|Any CPU.Build.0 = Release|Any CPU
		{A2BE7051-676F-4665-9085-B0BDAB8F905B}.Debug|Any CPU.ActiveCfg = Debug|Any CPU
		{A2BE7051-676F-4665-9085-B0BDAB8F905B}.Debug|Any CPU.Build.0 = Debug|Any CPU
		{A2BE7051-676F-4665-9085-B0BDAB8F905B}.Release|Any CPU.ActiveCfg = Release|Any CPU
		{A2BE7051-676F-4665-9085-B0BDAB8F905B}.Release|Any CPU.Build.0 = Release|Any CPU
		{2A5CB74F-BF9E-4D20-A6DF-A1843FC9EC0F}.Debug|Any CPU.ActiveCfg = Debug|Any CPU
		{2A5CB74F-BF9E-4D20-A6DF-A1843FC9EC0F}.Debug|Any CPU.Build.0 = Debug|Any CPU
		{2A5CB74F-BF9E-4D20-A6DF-A1843FC9EC0F}.Release|Any CPU.ActiveCfg = Release|Any CPU
		{2A5CB74F-BF9E-4D20-A6DF-A1843FC9EC0F}.Release|Any CPU.Build.0 = Release|Any CPU
		{5243CB67-0FDE-4098-87E5-27080BCCC84F}.Debug|Any CPU.ActiveCfg = Debug|Any CPU
		{5243CB67-0FDE-4098-87E5-27080BCCC84F}.Debug|Any CPU.Build.0 = Debug|Any CPU
		{5243CB67-0FDE-4098-87E5-27080BCCC84F}.Release|Any CPU.ActiveCfg = Release|Any CPU
		{5243CB67-0FDE-4098-87E5-27080BCCC84F}.Release|Any CPU.Build.0 = Release|Any CPU
		{0F3BB5BD-71D4-46D1-81C7-598782BFE4D0}.Debug|Any CPU.ActiveCfg = Debug|Any CPU
		{0F3BB5BD-71D4-46D1-81C7-598782BFE4D0}.Debug|Any CPU.Build.0 = Debug|Any CPU
		{0F3BB5BD-71D4-46D1-81C7-598782BFE4D0}.Release|Any CPU.ActiveCfg = Release|Any CPU
		{0F3BB5BD-71D4-46D1-81C7-598782BFE4D0}.Release|Any CPU.Build.0 = Release|Any CPU
	EndGlobalSection
	GlobalSection(SolutionProperties) = preSolution
		HideSolutionNode = FALSE
	EndGlobalSection
	GlobalSection(ExtensibilityGlobals) = postSolution
		SolutionGuid = {3A5570B5-85E1-4A6E-A05A-49CD73B24CAB}
	EndGlobalSection
EndGlobal
